// !$*UTF8*$!
{
	archiveVersion = 1;
	classes = {
	};
	objectVersion = 77;
	objects = {

/* Begin PBXBuildFile section */
		1EB457712E7EEA09005F9A7B /* FirebaseAuth in Frameworks */ = {isa = PBXBuildFile; productRef = 1EB457702E7EEA09005F9A7B /* FirebaseAuth */; };
		1EB457732E7EEA09005F9A7B /* FirebaseFirestore in Frameworks */ = {isa = PBXBuildFile; productRef = 1EB457722E7EEA09005F9A7B /* FirebaseFirestore */; };
/* End PBXBuildFile section */

/* Begin PBXContainerItemProxy section */
		F532876C2E7ED069000BAAD1 /* PBXContainerItemProxy */ = {
			isa = PBXContainerItemProxy;
			containerPortal = F532874A2E7ED066000BAAD1 /* Project object */;
			proxyType = 1;
			remoteGlobalIDString = F53287512E7ED066000BAAD1;
			remoteInfo = Evalyze;
		};
		F53287762E7ED069000BAAD1 /* PBXContainerItemProxy */ = {
			isa = PBXContainerItemProxy;
			containerPortal = F532874A2E7ED066000BAAD1 /* Project object */;
			proxyType = 1;
			remoteGlobalIDString = F53287512E7ED066000BAAD1;
			remoteInfo = Evalyze;
		};
/* End PBXContainerItemProxy section */

/* Begin PBXFileReference section */
		F53287522E7ED066000BAAD1 /* Evalyze.app */ = {isa = PBXFileReference; explicitFileType = wrapper.application; includeInIndex = 0; path = Evalyze.app; sourceTree = BUILT_PRODUCTS_DIR; };
		F532876B2E7ED069000BAAD1 /* EvalyzeTests.xctest */ = {isa = PBXFileReference; explicitFileType = wrapper.cfbundle; includeInIndex = 0; path = EvalyzeTests.xctest; sourceTree = BUILT_PRODUCTS_DIR; };
		F53287752E7ED069000BAAD1 /* EvalyzeUITests.xctest */ = {isa = PBXFileReference; explicitFileType = wrapper.cfbundle; includeInIndex = 0; path = EvalyzeUITests.xctest; sourceTree = BUILT_PRODUCTS_DIR; };
/* End PBXFileReference section */

/* Begin PBXFileSystemSynchronizedBuildFileExceptionSet section */
		F532877D2E7ED069000BAAD1 /* Exceptions for "Evalyze" folder in "Evalyze" target */ = {
			isa = PBXFileSystemSynchronizedBuildFileExceptionSet;
			membershipExceptions = (
				Info.plist,
			);
			target = F53287512E7ED066000BAAD1 /* Evalyze */;
		};
/* End PBXFileSystemSynchronizedBuildFileExceptionSet section */

/* Begin PBXFileSystemSynchronizedRootGroup section */
		F53287542E7ED066000BAAD1 /* Evalyze */ = {
			isa = PBXFileSystemSynchronizedRootGroup;
			exceptions = (
				F532877D2E7ED069000BAAD1 /* Exceptions for "Evalyze" folder in "Evalyze" target */,
			);
			path = Evalyze;
			sourceTree = "<group>";
		};
		F532876E2E7ED069000BAAD1 /* EvalyzeTests */ = {
			isa = PBXFileSystemSynchronizedRootGroup;
			path = EvalyzeTests;
			sourceTree = "<group>";
		};
		F53287782E7ED069000BAAD1 /* EvalyzeUITests */ = {
			isa = PBXFileSystemSynchronizedRootGroup;
			path = EvalyzeUITests;
			sourceTree = "<group>";
		};
/* End PBXFileSystemSynchronizedRootGroup section */

/* Begin PBXFrameworksBuildPhase section */
		F532874F2E7ED066000BAAD1 /* Frameworks */ = {
			isa = PBXFrameworksBuildPhase;
			buildActionMask = 2147483647;
			files = (
				1EB457712E7EEA09005F9A7B /* FirebaseAuth in Frameworks */,
				1EB457732E7EEA09005F9A7B /* FirebaseFirestore in Frameworks */,
			);
			runOnlyForDeploymentPostprocessing = 0;
		};
		F53287682E7ED069000BAAD1 /* Frameworks */ = {
			isa = PBXFrameworksBuildPhase;
			buildActionMask = 2147483647;
			files = (
			);
			runOnlyForDeploymentPostprocessing = 0;
		};
		F53287722E7ED069000BAAD1 /* Frameworks */ = {
			isa = PBXFrameworksBuildPhase;
			buildActionMask = 2147483647;
			files = (
			);
			runOnlyForDeploymentPostprocessing = 0;
		};
/* End PBXFrameworksBuildPhase section */

/* Begin PBXGroup section */
		F53287492E7ED066000BAAD1 = {
			isa = PBXGroup;
			children = (
				F53287542E7ED066000BAAD1 /* Evalyze */,
				F532876E2E7ED069000BAAD1 /* EvalyzeTests */,
				F53287782E7ED069000BAAD1 /* EvalyzeUITests */,
				F53287532E7ED066000BAAD1 /* Products */,
			);
			sourceTree = "<group>";
		};
		F53287532E7ED066000BAAD1 /* Products */ = {
			isa = PBXGroup;
			children = (
				F53287522E7ED066000BAAD1 /* Evalyze.app */,
				F532876B2E7ED069000BAAD1 /* EvalyzeTests.xctest */,
				F53287752E7ED069000BAAD1 /* EvalyzeUITests.xctest */,
			);
			name = Products;
			sourceTree = "<group>";
		};
/* End PBXGroup section */

/* Begin PBXNativeTarget section */
		F53287512E7ED066000BAAD1 /* Evalyze */ = {
			isa = PBXNativeTarget;
			buildConfigurationList = F532877E2E7ED069000BAAD1 /* Build configuration list for PBXNativeTarget "Evalyze" */;
			buildPhases = (
				F532874E2E7ED066000BAAD1 /* Sources */,
				F532874F2E7ED066000BAAD1 /* Frameworks */,
				F53287502E7ED066000BAAD1 /* Resources */,
			);
			buildRules = (
			);
			dependencies = (
			);
			fileSystemSynchronizedGroups = (
				F53287542E7ED066000BAAD1 /* Evalyze */,
			);
			name = Evalyze;
			packageProductDependencies = (
				1EB457702E7EEA09005F9A7B /* FirebaseAuth */,
				1EB457722E7EEA09005F9A7B /* FirebaseFirestore */,
			);
			productName = Evalyze;
			productReference = F53287522E7ED066000BAAD1 /* Evalyze.app */;
			productType = "com.apple.product-type.application";
		};
		F532876A2E7ED069000BAAD1 /* EvalyzeTests */ = {
			isa = PBXNativeTarget;
			buildConfigurationList = F53287832E7ED069000BAAD1 /* Build configuration list for PBXNativeTarget "EvalyzeTests" */;
			buildPhases = (
				F53287672E7ED069000BAAD1 /* Sources */,
				F53287682E7ED069000BAAD1 /* Frameworks */,
				F53287692E7ED069000BAAD1 /* Resources */,
			);
			buildRules = (
			);
			dependencies = (
				F532876D2E7ED069000BAAD1 /* PBXTargetDependency */,
			);
			fileSystemSynchronizedGroups = (
				F532876E2E7ED069000BAAD1 /* EvalyzeTests */,
			);
			name = EvalyzeTests;
			packageProductDependencies = (
			);
			productName = EvalyzeTests;
			productReference = F532876B2E7ED069000BAAD1 /* EvalyzeTests.xctest */;
			productType = "com.apple.product-type.bundle.unit-test";
		};
		F53287742E7ED069000BAAD1 /* EvalyzeUITests */ = {
			isa = PBXNativeTarget;
			buildConfigurationList = F53287862E7ED069000BAAD1 /* Build configuration list for PBXNativeTarget "EvalyzeUITests" */;
			buildPhases = (
				F53287712E7ED069000BAAD1 /* Sources */,
				F53287722E7ED069000BAAD1 /* Frameworks */,
				F53287732E7ED069000BAAD1 /* Resources */,
			);
			buildRules = (
			);
			dependencies = (
				F53287772E7ED069000BAAD1 /* PBXTargetDependency */,
			);
			fileSystemSynchronizedGroups = (
				F53287782E7ED069000BAAD1 /* EvalyzeUITests */,
			);
			name = EvalyzeUITests;
			packageProductDependencies = (
			);
			productName = EvalyzeUITests;
			productReference = F53287752E7ED069000BAAD1 /* EvalyzeUITests.xctest */;
			productType = "com.apple.product-type.bundle.ui-testing";
		};
/* End PBXNativeTarget section */

/* Begin PBXProject section */
		F532874A2E7ED066000BAAD1 /* Project object */ = {
			isa = PBXProject;
			attributes = {
				BuildIndependentTargetsInParallel = 1;
				LastSwiftUpdateCheck = 1610;
				LastUpgradeCheck = 1610;
				TargetAttributes = {
					F53287512E7ED066000BAAD1 = {
						CreatedOnToolsVersion = 16.1;
					};
					F532876A2E7ED069000BAAD1 = {
						CreatedOnToolsVersion = 16.1;
						TestTargetID = F53287512E7ED066000BAAD1;
					};
					F53287742E7ED069000BAAD1 = {
						CreatedOnToolsVersion = 16.1;
						TestTargetID = F53287512E7ED066000BAAD1;
					};
				};
			};
			buildConfigurationList = F532874D2E7ED066000BAAD1 /* Build configuration list for PBXProject "Evalyze" */;
			developmentRegion = en;
			hasScannedForEncodings = 0;
			knownRegions = (
				en,
				Base,
			);
			mainGroup = F53287492E7ED066000BAAD1;
			minimizedProjectReferenceProxies = 1;
			packageReferences = (
				1EB4576F2E7EEA09005F9A7B /* XCRemoteSwiftPackageReference "firebase-ios-sdk" */,
			);
			preferredProjectObjectVersion = 77;
			productRefGroup = F53287532E7ED066000BAAD1 /* Products */;
			projectDirPath = "";
			projectRoot = "";
			targets = (
				F53287512E7ED066000BAAD1 /* Evalyze */,
				F532876A2E7ED069000BAAD1 /* EvalyzeTests */,
				F53287742E7ED069000BAAD1 /* EvalyzeUITests */,
			);
		};
/* End PBXProject section */

/* Begin PBXResourcesBuildPhase section */
		F53287502E7ED066000BAAD1 /* Resources */ = {
			isa = PBXResourcesBuildPhase;
			buildActionMask = 2147483647;
			files = (
			);
			runOnlyForDeploymentPostprocessing = 0;
		};
		F53287692E7ED069000BAAD1 /* Resources */ = {
			isa = PBXResourcesBuildPhase;
			buildActionMask = 2147483647;
			files = (
			);
			runOnlyForDeploymentPostprocessing = 0;
		};
		F53287732E7ED069000BAAD1 /* Resources */ = {
			isa = PBXResourcesBuildPhase;
			buildActionMask = 2147483647;
			files = (
			);
			runOnlyForDeploymentPostprocessing = 0;
		};
/* End PBXResourcesBuildPhase section */

/* Begin PBXSourcesBuildPhase section */
		F532874E2E7ED066000BAAD1 /* Sources */ = {
			isa = PBXSourcesBuildPhase;
			buildActionMask = 2147483647;
			files = (
			);
			runOnlyForDeploymentPostprocessing = 0;
		};
		F53287672E7ED069000BAAD1 /* Sources */ = {
			isa = PBXSourcesBuildPhase;
			buildActionMask = 2147483647;
			files = (
			);
			runOnlyForDeploymentPostprocessing = 0;
		};
		F53287712E7ED069000BAAD1 /* Sources */ = {
			isa = PBXSourcesBuildPhase;
			buildActionMask = 2147483647;
			files = (
			);
			runOnlyForDeploymentPostprocessing = 0;
		};
/* End PBXSourcesBuildPhase section */

/* Begin PBXTargetDependency section */
		F532876D2E7ED069000BAAD1 /* PBXTargetDependency */ = {
			isa = PBXTargetDependency;
			target = F53287512E7ED066000BAAD1 /* Evalyze */;
			targetProxy = F532876C2E7ED069000BAAD1 /* PBXContainerItemProxy */;
		};
		F53287772E7ED069000BAAD1 /* PBXTargetDependency */ = {
			isa = PBXTargetDependency;
			target = F53287512E7ED066000BAAD1 /* Evalyze */;
			targetProxy = F53287762E7ED069000BAAD1 /* PBXContainerItemProxy */;
		};
/* End PBXTargetDependency section */

/* Begin XCBuildConfiguration section */
		F532877F2E7ED069000BAAD1 /* Debug */ = {
			isa = XCBuildConfiguration;
			buildSettings = {
				ASSETCATALOG_COMPILER_APPICON_NAME = AppIcon;
				ASSETCATALOG_COMPILER_GLOBAL_ACCENT_COLOR_NAME = AccentColor;
				CODE_SIGN_STYLE = Automatic;
				CURRENT_PROJECT_VERSION = 1;
				GENERATE_INFOPLIST_FILE = YES;
				INFOPLIST_FILE = Evalyze/Info.plist;
				INFOPLIST_KEY_UIApplicationSupportsIndirectInputEvents = YES;
				INFOPLIST_KEY_UILaunchStoryboardName = LaunchScreen;
				INFOPLIST_KEY_UISupportedInterfaceOrientations_iPad = "UIInterfaceOrientationPortrait UIInterfaceOrientationPortraitUpsideDown UIInterfaceOrientationLandscapeLeft UIInterfaceOrientationLandscapeRight";
				INFOPLIST_KEY_UISupportedInterfaceOrientations_iPhone = "UIInterfaceOrientationPortrait UIInterfaceOrientationLandscapeLeft UIInterfaceOrientationLandscapeRight";
				LD_RUNPATH_SEARCH_PATHS = (
					"$(inherited)",
					"@executable_path/Frameworks",
				);
				MARKETING_VERSION = 1.0;
				PRODUCT_BUNDLE_IDENTIFIER = teamMELA.Evalyze;
				PRODUCT_NAME = "$(TARGET_NAME)";
				SWIFT_EMIT_LOC_STRINGS = YES;
				SWIFT_VERSION = 5.0;
				TARGETED_DEVICE_FAMILY = "1,2";
			};
			name = Debug;
		};
		F53287802E7ED069000BAAD1 /* Release */ = {
			isa = XCBuildConfiguration;
			buildSettings = {
				ASSETCATALOG_COMPILER_APPICON_NAME = AppIcon;
				ASSETCATALOG_COMPILER_GLOBAL_ACCENT_COLOR_NAME = AccentColor;
				CODE_SIGN_STYLE = Automatic;
				CURRENT_PROJECT_VERSION = 1;
				GENERATE_INFOPLIST_FILE = YES;
				INFOPLIST_FILE = Evalyze/Info.plist;
				INFOPLIST_KEY_UIApplicationSupportsIndirectInputEvents = YES;
				INFOPLIST_KEY_UILaunchStoryboardName = LaunchScreen;
				INFOPLIST_KEY_UISupportedInterfaceOrientations_iPad = "UIInterfaceOrientationPortrait UIInterfaceOrientationPortraitUpsideDown UIInterfaceOrientationLandscapeLeft UIInterfaceOrientationLandscapeRight";
				INFOPLIST_KEY_UISupportedInterfaceOrientations_iPhone = "UIInterfaceOrientationPortrait UIInterfaceOrientationLandscapeLeft UIInterfaceOrientationLandscapeRight";
				LD_RUNPATH_SEARCH_PATHS = (
					"$(inherited)",
					"@executable_path/Frameworks",
				);
				MARKETING_VERSION = 1.0;
				PRODUCT_BUNDLE_IDENTIFIER = teamMELA.Evalyze;
				PRODUCT_NAME = "$(TARGET_NAME)";
				SWIFT_EMIT_LOC_STRINGS = YES;
				SWIFT_VERSION = 5.0;
				TARGETED_DEVICE_FAMILY = "1,2";
			};
			name = Release;
		};
		F53287812E7ED069000BAAD1 /* Debug */ = {
			isa = XCBuildConfiguration;
			buildSettings = {
				ALWAYS_SEARCH_USER_PATHS = NO;
				ASSETCATALOG_COMPILER_GENERATE_SWIFT_ASSET_SYMBOL_EXTENSIONS = YES;
				CLANG_ANALYZER_NONNULL = YES;
				CLANG_ANALYZER_NUMBER_OBJECT_CONVERSION = YES_AGGRESSIVE;
				CLANG_CXX_LANGUAGE_STANDARD = "gnu++20";
				CLANG_ENABLE_MODULES = YES;
				CLANG_ENABLE_OBJC_ARC = YES;
				CLANG_ENABLE_OBJC_WEAK = YES;
				CLANG_WARN_BLOCK_CAPTURE_AUTORELEASING = YES;
				CLANG_WARN_BOOL_CONVERSION = YES;
				CLANG_WARN_COMMA = YES;
				CLANG_WARN_CONSTANT_CONVERSION = YES;
				CLANG_WARN_DEPRECATED_OBJC_IMPLEMENTATIONS = YES;
				CLANG_WARN_DIRECT_OBJC_ISA_USAGE = YES_ERROR;
				CLANG_WARN_DOCUMENTATION_COMMENTS = YES;
				CLANG_WARN_EMPTY_BODY = YES;
				CLANG_WARN_ENUM_CONVERSION = YES;
				CLANG_WARN_INFINITE_RECURSION = YES;
				CLANG_WARN_INT_CONVERSION = YES;
				CLANG_WARN_NON_LITERAL_NULL_CONVERSION = YES;
				CLANG_WARN_OBJC_IMPLICIT_RETAIN_SELF = YES;
				CLANG_WARN_OBJC_LITERAL_CONVERSION = YES;
				CLANG_WARN_OBJC_ROOT_CLASS = YES_ERROR;
				CLANG_WARN_QUOTED_INCLUDE_IN_FRAMEWORK_HEADER = YES;
				CLANG_WARN_RANGE_LOOP_ANALYSIS = YES;
				CLANG_WARN_STRICT_PROTOTYPES = YES;
				CLANG_WARN_SUSPICIOUS_MOVE = YES;
				CLANG_WARN_UNGUARDED_AVAILABILITY = YES_AGGRESSIVE;
				CLANG_WARN_UNREACHABLE_CODE = YES;
				CLANG_WARN__DUPLICATE_METHOD_MATCH = YES;
				COPY_PHASE_STRIP = NO;
				DEBUG_INFORMATION_FORMAT = dwarf;
				ENABLE_STRICT_OBJC_MSGSEND = YES;
				ENABLE_TESTABILITY = YES;
				ENABLE_USER_SCRIPT_SANDBOXING = YES;
				GCC_C_LANGUAGE_STANDARD = gnu17;
				GCC_DYNAMIC_NO_PIC = NO;
				GCC_NO_COMMON_BLOCKS = YES;
				GCC_OPTIMIZATION_LEVEL = 0;
				GCC_PREPROCESSOR_DEFINITIONS = (
					"DEBUG=1",
					"$(inherited)",
				);
				GCC_WARN_64_TO_32_BIT_CONVERSION = YES;
				GCC_WARN_ABOUT_RETURN_TYPE = YES_ERROR;
				GCC_WARN_UNDECLARED_SELECTOR = YES;
				GCC_WARN_UNINITIALIZED_AUTOS = YES_AGGRESSIVE;
				GCC_WARN_UNUSED_FUNCTION = YES;
				GCC_WARN_UNUSED_VARIABLE = YES;
				IPHONEOS_DEPLOYMENT_TARGET = 18.1;
				LOCALIZATION_PREFERS_STRING_CATALOGS = YES;
				MTL_ENABLE_DEBUG_INFO = INCLUDE_SOURCE;
				MTL_FAST_MATH = YES;
				ONLY_ACTIVE_ARCH = YES;
				SDKROOT = iphoneos;
				SWIFT_ACTIVE_COMPILATION_CONDITIONS = "DEBUG $(inherited)";
				SWIFT_OPTIMIZATION_LEVEL = "-Onone";
			};
			name = Debug;
		};
		F53287822E7ED069000BAAD1 /* Release */ = {
			isa = XCBuildConfiguration;
			buildSettings = {
				ALWAYS_SEARCH_USER_PATHS = NO;
				ASSETCATALOG_COMPILER_GENERATE_SWIFT_ASSET_SYMBOL_EXTENSIONS = YES;
				CLANG_ANALYZER_NONNULL = YES;
				CLANG_ANALYZER_NUMBER_OBJECT_CONVERSION = YES_AGGRESSIVE;
				CLANG_CXX_LANGUAGE_STANDARD = "gnu++20";
				CLANG_ENABLE_MODULES = YES;
				CLANG_ENABLE_OBJC_ARC = YES;
				CLANG_ENABLE_OBJC_WEAK = YES;
				CLANG_WARN_BLOCK_CAPTURE_AUTORELEASING = YES;
				CLANG_WARN_BOOL_CONVERSION = YES;
				CLANG_WARN_COMMA = YES;
				CLANG_WARN_CONSTANT_CONVERSION = YES;
				CLANG_WARN_DEPRECATED_OBJC_IMPLEMENTATIONS = YES;
				CLANG_WARN_DIRECT_OBJC_ISA_USAGE = YES_ERROR;
				CLANG_WARN_DOCUMENTATION_COMMENTS = YES;
				CLANG_WARN_EMPTY_BODY = YES;
				CLANG_WARN_ENUM_CONVERSION = YES;
				CLANG_WARN_INFINITE_RECURSION = YES;
				CLANG_WARN_INT_CONVERSION = YES;
				CLANG_WARN_NON_LITERAL_NULL_CONVERSION = YES;
				CLANG_WARN_OBJC_IMPLICIT_RETAIN_SELF = YES;
				CLANG_WARN_OBJC_LITERAL_CONVERSION = YES;
				CLANG_WARN_OBJC_ROOT_CLASS = YES_ERROR;
				CLANG_WARN_QUOTED_INCLUDE_IN_FRAMEWORK_HEADER = YES;
				CLANG_WARN_RANGE_LOOP_ANALYSIS = YES;
				CLANG_WARN_STRICT_PROTOTYPES = YES;
				CLANG_WARN_SUSPICIOUS_MOVE = YES;
				CLANG_WARN_UNGUARDED_AVAILABILITY = YES_AGGRESSIVE;
				CLANG_WARN_UNREACHABLE_CODE = YES;
				CLANG_WARN__DUPLICATE_METHOD_MATCH = YES;
				COPY_PHASE_STRIP = NO;
				DEBUG_INFORMATION_FORMAT = "dwarf-with-dsym";
				ENABLE_NS_ASSERTIONS = NO;
				ENABLE_STRICT_OBJC_MSGSEND = YES;
				ENABLE_USER_SCRIPT_SANDBOXING = YES;
				GCC_C_LANGUAGE_STANDARD = gnu17;
				GCC_NO_COMMON_BLOCKS = YES;
				GCC_WARN_64_TO_32_BIT_CONVERSION = YES;
				GCC_WARN_ABOUT_RETURN_TYPE = YES_ERROR;
				GCC_WARN_UNDECLARED_SELECTOR = YES;
				GCC_WARN_UNINITIALIZED_AUTOS = YES_AGGRESSIVE;
				GCC_WARN_UNUSED_FUNCTION = YES;
				GCC_WARN_UNUSED_VARIABLE = YES;
				IPHONEOS_DEPLOYMENT_TARGET = 18.1;
				LOCALIZATION_PREFERS_STRING_CATALOGS = YES;
				MTL_ENABLE_DEBUG_INFO = NO;
				MTL_FAST_MATH = YES;
				SDKROOT = iphoneos;
				SWIFT_COMPILATION_MODE = wholemodule;
				VALIDATE_PRODUCT = YES;
			};
			name = Release;
		};
		F53287842E7ED069000BAAD1 /* Debug */ = {
			isa = XCBuildConfiguration;
			buildSettings = {
				BUNDLE_LOADER = "$(TEST_HOST)";
				CODE_SIGN_STYLE = Automatic;
				CURRENT_PROJECT_VERSION = 1;
				GENERATE_INFOPLIST_FILE = YES;
				IPHONEOS_DEPLOYMENT_TARGET = 18.1;
				MARKETING_VERSION = 1.0;
				PRODUCT_BUNDLE_IDENTIFIER = teamMELA.EvalyzeTests;
				PRODUCT_NAME = "$(TARGET_NAME)";
				SWIFT_EMIT_LOC_STRINGS = NO;
				SWIFT_VERSION = 5.0;
				TARGETED_DEVICE_FAMILY = "1,2";
				TEST_HOST = "$(BUILT_PRODUCTS_DIR)/Evalyze.app/$(BUNDLE_EXECUTABLE_FOLDER_PATH)/Evalyze";
			};
			name = Debug;
		};
		F53287852E7ED069000BAAD1 /* Release */ = {
			isa = XCBuildConfiguration;
			buildSettings = {
				BUNDLE_LOADER = "$(TEST_HOST)";
				CODE_SIGN_STYLE = Automatic;
				CURRENT_PROJECT_VERSION = 1;
				GENERATE_INFOPLIST_FILE = YES;
				IPHONEOS_DEPLOYMENT_TARGET = 18.1;
				MARKETING_VERSION = 1.0;
				PRODUCT_BUNDLE_IDENTIFIER = teamMELA.EvalyzeTests;
				PRODUCT_NAME = "$(TARGET_NAME)";
				SWIFT_EMIT_LOC_STRINGS = NO;
				SWIFT_VERSION = 5.0;
				TARGETED_DEVICE_FAMILY = "1,2";
				TEST_HOST = "$(BUILT_PRODUCTS_DIR)/Evalyze.app/$(BUNDLE_EXECUTABLE_FOLDER_PATH)/Evalyze";
			};
			name = Release;
		};
		F53287872E7ED069000BAAD1 /* Debug */ = {
			isa = XCBuildConfiguration;
			buildSettings = {
				CODE_SIGN_STYLE = Automatic;
				CURRENT_PROJECT_VERSION = 1;
				GENERATE_INFOPLIST_FILE = YES;
				MARKETING_VERSION = 1.0;
				PRODUCT_BUNDLE_IDENTIFIER = teamMELA.EvalyzeUITests;
				PRODUCT_NAME = "$(TARGET_NAME)";
				SWIFT_EMIT_LOC_STRINGS = NO;
				SWIFT_VERSION = 5.0;
				TARGETED_DEVICE_FAMILY = "1,2";
				TEST_TARGET_NAME = Evalyze;
			};
			name = Debug;
		};
		F53287882E7ED069000BAAD1 /* Release */ = {
			isa = XCBuildConfiguration;
			buildSettings = {
				CODE_SIGN_STYLE = Automatic;
				CURRENT_PROJECT_VERSION = 1;
				GENERATE_INFOPLIST_FILE = YES;
				MARKETING_VERSION = 1.0;
				PRODUCT_BUNDLE_IDENTIFIER = teamMELA.EvalyzeUITests;
				PRODUCT_NAME = "$(TARGET_NAME)";
				SWIFT_EMIT_LOC_STRINGS = NO;
				SWIFT_VERSION = 5.0;
				TARGETED_DEVICE_FAMILY = "1,2";
				TEST_TARGET_NAME = Evalyze;
			};
			name = Release;
		};
/* End XCBuildConfiguration section */

/* Begin XCConfigurationList section */
		F532874D2E7ED066000BAAD1 /* Build configuration list for PBXProject "Evalyze" */ = {
			isa = XCConfigurationList;
			buildConfigurations = (
				F53287812E7ED069000BAAD1 /* Debug */,
				F53287822E7ED069000BAAD1 /* Release */,
			);
			defaultConfigurationIsVisible = 0;
			defaultConfigurationName = Release;
		};
		F532877E2E7ED069000BAAD1 /* Build configuration list for PBXNativeTarget "Evalyze" */ = {
			isa = XCConfigurationList;
			buildConfigurations = (
				F532877F2E7ED069000BAAD1 /* Debug */,
				F53287802E7ED069000BAAD1 /* Release */,
			);
			defaultConfigurationIsVisible = 0;
			defaultConfigurationName = Release;
		};
		F53287832E7ED069000BAAD1 /* Build configuration list for PBXNativeTarget "EvalyzeTests" */ = {
			isa = XCConfigurationList;
			buildConfigurations = (
				F53287842E7ED069000BAAD1 /* Debug */,
				F53287852E7ED069000BAAD1 /* Release */,
			);
			defaultConfigurationIsVisible = 0;
			defaultConfigurationName = Release;
		};
		F53287862E7ED069000BAAD1 /* Build configuration list for PBXNativeTarget "EvalyzeUITests" */ = {
			isa = XCConfigurationList;
			buildConfigurations = (
				F53287872E7ED069000BAAD1 /* Debug */,
				F53287882E7ED069000BAAD1 /* Release */,
			);
			defaultConfigurationIsVisible = 0;
			defaultConfigurationName = Release;
		};
/* End XCConfigurationList section */

/* Begin XCRemoteSwiftPackageReference section */
		1EB4576F2E7EEA09005F9A7B /* XCRemoteSwiftPackageReference "firebase-ios-sdk" */ = {
			isa = XCRemoteSwiftPackageReference;
			repositoryURL = "https://github.com/firebase/firebase-ios-sdk";
			requirement = {
				kind = upToNextMajorVersion;
				minimumVersion = 12.3.0;
			};
		};
/* End XCRemoteSwiftPackageReference section */

/* Begin XCSwiftPackageProductDependency section */
		1EB457702E7EEA09005F9A7B /* FirebaseAuth */ = {
			isa = XCSwiftPackageProductDependency;
			package = 1EB4576F2E7EEA09005F9A7B /* XCRemoteSwiftPackageReference "firebase-ios-sdk" */;
			productName = FirebaseAuth;
		};
		1EB457722E7EEA09005F9A7B /* FirebaseFirestore */ = {
			isa = XCSwiftPackageProductDependency;
			package = 1EB4576F2E7EEA09005F9A7B /* XCRemoteSwiftPackageReference "firebase-ios-sdk" */;
			productName = FirebaseFirestore;
		};
/* End XCSwiftPackageProductDependency section */
	};
	rootObject = F532874A2E7ED066000BAAD1 /* Project object */;
}
